lockfile_version: '1'
generated_at: '2026-09-08T05:34:24.890406+00:00'
apm_version: 0.21.0
dependencies:
- repo_url: PlainConceptsChapters/chapter-devex
  host: github.com
  resolved_commit: 1842a35ddd93754df6c8b1a3da904cbfa2355274
  resolved_ref: v0.2.0
  virtual_path: plugins/pc-lifecycle
  is_virtual: true
  package_type: apm_package
  deployed_files:
  - .agents/skills/adopt
  - .agents/skills/adopt/SKILL.md
  - .agents/skills/adopt/assets/definition-of-done.md
  - .agents/skills/adopt/assets/definition-of-ready.md
  - .agents/skills/adopt/assets/engineering-lifecycle.md
  - .agents/skills/adopt/assets/role-skills/apply-change/SKILL.template.md
  - .agents/skills/adopt/assets/role-skills/apply-change/references/authored.md
  - .agents/skills/adopt/assets/role-skills/apply-change/references/openspec.md
  - .agents/skills/adopt/assets/role-skills/archive-change/SKILL.template.md
  - .agents/skills/adopt/assets/role-skills/archive-change/references/authored.md
  - .agents/skills/adopt/assets/role-skills/archive-change/references/openspec.md
  - .agents/skills/adopt/assets/role-skills/checkout-branch/SKILL.template.md
  - .agents/skills/adopt/assets/role-skills/checkout-branch/references/convention.md
  - .agents/skills/adopt/assets/role-skills/classify-doc-drift/SKILL.template.md
  - .agents/skills/adopt/assets/role-skills/classify-doc-drift/references/repo-docs.md
  - .agents/skills/adopt/assets/role-skills/classify-doc-drift/references/wiki.md
  - .agents/skills/adopt/assets/role-skills/comment-work-item/SKILL.template.md
  - .agents/skills/adopt/assets/role-skills/comment-work-item/references/github-issues.md
  - .agents/skills/adopt/assets/role-skills/comment-work-item/references/jira.md
  - .agents/skills/adopt/assets/role-skills/commit-to-sprint/SKILL.template.md
  - .agents/skills/adopt/assets/role-skills/commit-to-sprint/references/github-projects.md
  - .agents/skills/adopt/assets/role-skills/commit-to-sprint/references/jira.md
  - .agents/skills/adopt/assets/role-skills/create-branch/SKILL.template.md
  - .agents/skills/adopt/assets/role-skills/create-branch/references/convention.md
  - .agents/skills/adopt/assets/role-skills/create-work-item/SKILL.template.md
  - .agents/skills/adopt/assets/role-skills/create-work-item/references/github-issues.md
  - .agents/skills/adopt/assets/role-skills/create-work-item/references/jira.md
  - .agents/skills/adopt/assets/role-skills/discover-related-docs/SKILL.template.md
  - .agents/skills/adopt/assets/role-skills/discover-related-docs/references/repo-docs.md
  - .agents/skills/adopt/assets/role-skills/discover-related-docs/references/wiki.md
  - .agents/skills/adopt/assets/role-skills/inspect-ci-result/SKILL.template.md
  - .agents/skills/adopt/assets/role-skills/inspect-ci-result/references/azure-devops.md
  - .agents/skills/adopt/assets/role-skills/inspect-ci-result/references/github.md
  - .agents/skills/adopt/assets/role-skills/inspect-pull-request/SKILL.template.md
  - .agents/skills/adopt/assets/role-skills/inspect-pull-request/references/azure-devops.md
  - .agents/skills/adopt/assets/role-skills/inspect-pull-request/references/github.md
  - .agents/skills/adopt/assets/role-skills/merge-pull-request/SKILL.template.md
  - .agents/skills/adopt/assets/role-skills/merge-pull-request/references/azure-devops.md
  - .agents/skills/adopt/assets/role-skills/merge-pull-request/references/github.md
  - .agents/skills/adopt/assets/role-skills/open-pull-request/SKILL.template.md
  - .agents/skills/adopt/assets/role-skills/open-pull-request/references/azure-devops.md
  - .agents/skills/adopt/assets/role-skills/open-pull-request/references/github.md
  - .agents/skills/adopt/assets/role-skills/propose-change/SKILL.template.md
  - .agents/skills/adopt/assets/role-skills/propose-change/references/authored.md
  - .agents/skills/adopt/assets/role-skills/propose-change/references/openspec.md
  - .agents/skills/adopt/assets/role-skills/read-kb-page/SKILL.template.md
  - .agents/skills/adopt/assets/role-skills/read-kb-page/references/repo-docs.md
  - .agents/skills/adopt/assets/role-skills/read-kb-page/references/wiki.md
  - .agents/skills/adopt/assets/role-skills/read-work-item-attachments/SKILL.template.md
  - .agents/skills/adopt/assets/role-skills/read-work-item-attachments/references/github-issues.md
  - .agents/skills/adopt/assets/role-skills/read-work-item-attachments/references/jira.md
  - .agents/skills/adopt/assets/role-skills/read-work-item-links/SKILL.template.md
  - .agents/skills/adopt/assets/role-skills/read-work-item-links/references/github-issues.md
  - .agents/skills/adopt/assets/role-skills/read-work-item-links/references/jira.md
  - .agents/skills/adopt/assets/role-skills/read-work-item/SKILL.template.md
  - .agents/skills/adopt/assets/role-skills/read-work-item/references/github-issues.md
  - .agents/skills/adopt/assets/role-skills/read-work-item/references/jira.md
  - .agents/skills/adopt/assets/role-skills/search-kb/SKILL.template.md
  - .agents/skills/adopt/assets/role-skills/search-kb/references/repo-docs.md
  - .agents/skills/adopt/assets/role-skills/search-kb/references/wiki.md
  - .agents/skills/adopt/assets/role-skills/sync-doc-to-kb/SKILL.template.md
  - .agents/skills/adopt/assets/role-skills/sync-doc-to-kb/references/repo-docs.md
  - .agents/skills/adopt/assets/role-skills/sync-doc-to-kb/references/wiki.md
  - .agents/skills/adopt/assets/role-skills/sync-specs/SKILL.template.md
  - .agents/skills/adopt/assets/role-skills/sync-specs/references/authored.md
  - .agents/skills/adopt/assets/role-skills/sync-specs/references/openspec.md
  - .agents/skills/adopt/assets/role-skills/transition-work-item/SKILL.template.md
  - .agents/skills/adopt/assets/role-skills/transition-work-item/references/github-issues.md
  - .agents/skills/adopt/assets/role-skills/transition-work-item/references/jira.md
  - .agents/skills/adopt/assets/role-skills/update-pull-request/SKILL.template.md
  - .agents/skills/adopt/assets/role-skills/update-pull-request/references/azure-devops.md
  - .agents/skills/adopt/assets/role-skills/update-pull-request/references/github.md
  - .agents/skills/adopt/assets/role-skills/update-work-item/SKILL.template.md
  - .agents/skills/adopt/assets/role-skills/update-work-item/references/github-issues.md
  - .agents/skills/adopt/assets/role-skills/update-work-item/references/jira.md
  - .agents/skills/adopt/assets/role-skills/wip-query/SKILL.template.md
  - .agents/skills/adopt/assets/role-skills/wip-query/references/github-projects.md
  - .agents/skills/adopt/assets/role-skills/wip-query/references/jira.md
  - .agents/skills/adr
  - .agents/skills/adr/SKILL.md
  - .agents/skills/adr/references/template.md
  - .agents/skills/collect-usage
  - .agents/skills/collect-usage/SKILL.md
  - .agents/skills/git-worktrees
  - .agents/skills/git-worktrees/SKILL.md
  - .agents/skills/harden-process
  - .agents/skills/harden-process/SKILL.md
  - .agents/skills/implement
  - .agents/skills/implement/SKILL.md
  - .agents/skills/integrate
  - .agents/skills/integrate/SKILL.md
  - .agents/skills/plan
  - .agents/skills/plan/SKILL.md
  - .agents/skills/rebase-safely
  - .agents/skills/rebase-safely/SKILL.md
  - .agents/skills/refine
  - .agents/skills/refine-to-ready
  - .agents/skills/refine-to-ready/SKILL.md
  - .agents/skills/refine/SKILL.md
  - .agents/skills/review
  - .agents/skills/review-entry
  - .agents/skills/review-entry/SKILL.md
  - .agents/skills/review/SKILL.md
  - .agents/skills/status
  - .agents/skills/status/SKILL.md
  - .agents/skills/verify-done
  - .agents/skills/verify-done/SKILL.md
  - .agents/skills/verify-like-ci
  - .agents/skills/verify-like-ci/SKILL.md
  - .agents/skills/verify-like-ci/references/azure-pipelines.md
  - .agents/skills/verify-like-ci/references/github-actions.md
  - .agents/skills/verify-runtime
  - .agents/skills/verify-runtime/SKILL.md
  - .agents/skills/writing-great-skills
  - .agents/skills/writing-great-skills/SKILL.md
  - .agents/skills/writing-great-skills/references/GLOSSARY.md
  - .claude/commands/adopt.md
  - .claude/commands/implement.md
  - .claude/commands/integrate.md
  - .claude/commands/plan.md
  - .claude/commands/refine.md
  - .claude/commands/review.md
  - .claude/commands/status.md
  - .claude/skills/adopt
  - .claude/skills/adopt/SKILL.md
  - .claude/skills/adopt/assets/definition-of-done.md
  - .claude/skills/adopt/assets/definition-of-ready.md
  - .claude/skills/adopt/assets/engineering-lifecycle.md
  - .claude/skills/adopt/assets/role-skills/apply-change/SKILL.template.md
  - .claude/skills/adopt/assets/role-skills/apply-change/references/authored.md
  - .claude/skills/adopt/assets/role-skills/apply-change/references/openspec.md
  - .claude/skills/adopt/assets/role-skills/archive-change/SKILL.template.md
  - .claude/skills/adopt/assets/role-skills/archive-change/references/authored.md
  - .claude/skills/adopt/assets/role-skills/archive-change/references/openspec.md
  - .claude/skills/adopt/assets/role-skills/checkout-branch/SKILL.template.md
  - .claude/skills/adopt/assets/role-skills/checkout-branch/references/convention.md
  - .claude/skills/adopt/assets/role-skills/classify-doc-drift/SKILL.template.md
  - .claude/skills/adopt/assets/role-skills/classify-doc-drift/references/repo-docs.md
  - .claude/skills/adopt/assets/role-skills/classify-doc-drift/references/wiki.md
  - .claude/skills/adopt/assets/role-skills/comment-work-item/SKILL.template.md
  - .claude/skills/adopt/assets/role-skills/comment-work-item/references/github-issues.md
  - .claude/skills/adopt/assets/role-skills/comment-work-item/references/jira.md
  - .claude/skills/adopt/assets/role-skills/commit-to-sprint/SKILL.template.md
  - .claude/skills/adopt/assets/role-skills/commit-to-sprint/references/github-projects.md
  - .claude/skills/adopt/assets/role-skills/commit-to-sprint/references/jira.md
  - .claude/skills/adopt/assets/role-skills/create-branch/SKILL.template.md
  - .claude/skills/adopt/assets/role-skills/create-branch/references/convention.md
  - .claude/skills/adopt/assets/role-skills/create-work-item/SKILL.template.md
  - .claude/skills/adopt/assets/role-skills/create-work-item/references/github-issues.md
  - .claude/skills/adopt/assets/role-skills/create-work-item/references/jira.md
  - .claude/skills/adopt/assets/role-skills/discover-related-docs/SKILL.template.md
  - .claude/skills/adopt/assets/role-skills/discover-related-docs/references/repo-docs.md
  - .claude/skills/adopt/assets/role-skills/discover-related-docs/references/wiki.md
  - .claude/skills/adopt/assets/role-skills/inspect-ci-result/SKILL.template.md
  - .claude/skills/adopt/assets/role-skills/inspect-ci-result/references/azure-devops.md
  - .claude/skills/adopt/assets/role-skills/inspect-ci-result/references/github.md
  - .claude/skills/adopt/assets/role-skills/inspect-pull-request/SKILL.template.md
  - .claude/skills/adopt/assets/role-skills/inspect-pull-request/references/azure-devops.md
  - .claude/skills/adopt/assets/role-skills/inspect-pull-request/references/github.md
  - .claude/skills/adopt/assets/role-skills/merge-pull-request/SKILL.template.md
  - .claude/skills/adopt/assets/role-skills/merge-pull-request/references/azure-devops.md
  - .claude/skills/adopt/assets/role-skills/merge-pull-request/references/github.md
  - .claude/skills/adopt/assets/role-skills/open-pull-request/SKILL.template.md
  - .claude/skills/adopt/assets/role-skills/open-pull-request/references/azure-devops.md
  - .claude/skills/adopt/assets/role-skills/open-pull-request/references/github.md
  - .claude/skills/adopt/assets/role-skills/propose-change/SKILL.template.md
  - .claude/skills/adopt/assets/role-skills/propose-change/references/authored.md
  - .claude/skills/adopt/assets/role-skills/propose-change/references/openspec.md
  - .claude/skills/adopt/assets/role-skills/read-kb-page/SKILL.template.md
  - .claude/skills/adopt/assets/role-skills/read-kb-page/references/repo-docs.md
  - .claude/skills/adopt/assets/role-skills/read-kb-page/references/wiki.md
  - .claude/skills/adopt/assets/role-skills/read-work-item-attachments/SKILL.template.md
  - .claude/skills/adopt/assets/role-skills/read-work-item-attachments/references/github-issues.md
  - .claude/skills/adopt/assets/role-skills/read-work-item-attachments/references/jira.md
  - .claude/skills/adopt/assets/role-skills/read-work-item-links/SKILL.template.md
  - .claude/skills/adopt/assets/role-skills/read-work-item-links/references/github-issues.md
  - .claude/skills/adopt/assets/role-skills/read-work-item-links/references/jira.md
  - .claude/skills/adopt/assets/role-skills/read-work-item/SKILL.template.md
  - .claude/skills/adopt/assets/role-skills/read-work-item/references/github-issues.md
  - .claude/skills/adopt/assets/role-skills/read-work-item/references/jira.md
  - .claude/skills/adopt/assets/role-skills/search-kb/SKILL.template.md
  - .claude/skills/adopt/assets/role-skills/search-kb/references/repo-docs.md
  - .claude/skills/adopt/assets/role-skills/search-kb/references/wiki.md
  - .claude/skills/adopt/assets/role-skills/sync-doc-to-kb/SKILL.template.md
  - .claude/skills/adopt/assets/role-skills/sync-doc-to-kb/references/repo-docs.md
  - .claude/skills/adopt/assets/role-skills/sync-doc-to-kb/references/wiki.md
  - .claude/skills/adopt/assets/role-skills/sync-specs/SKILL.template.md
  - .claude/skills/adopt/assets/role-skills/sync-specs/references/authored.md
  - .claude/skills/adopt/assets/role-skills/sync-specs/references/openspec.md
  - .claude/skills/adopt/assets/role-skills/transition-work-item/SKILL.template.md
  - .claude/skills/adopt/assets/role-skills/transition-work-item/references/github-issues.md
  - .claude/skills/adopt/assets/role-skills/transition-work-item/references/jira.md
  - .claude/skills/adopt/assets/role-skills/update-pull-request/SKILL.template.md
  - .claude/skills/adopt/assets/role-skills/update-pull-request/references/azure-devops.md
  - .claude/skills/adopt/assets/role-skills/update-pull-request/references/github.md
  - .claude/skills/adopt/assets/role-skills/update-work-item/SKILL.template.md
  - .claude/skills/adopt/assets/role-skills/update-work-item/references/github-issues.md
  - .claude/skills/adopt/assets/role-skills/update-work-item/references/jira.md
  - .claude/skills/adopt/assets/role-skills/wip-query/SKILL.template.md
  - .claude/skills/adopt/assets/role-skills/wip-query/references/github-projects.md
  - .claude/skills/adopt/assets/role-skills/wip-query/references/jira.md
  - .claude/skills/adr
  - .claude/skills/adr/SKILL.md
  - .claude/skills/adr/references/template.md
  - .claude/skills/collect-usage
  - .claude/skills/collect-usage/SKILL.md
  - .claude/skills/git-worktrees
  - .claude/skills/git-worktrees/SKILL.md
  - .claude/skills/harden-process
  - .claude/skills/harden-process/SKILL.md
  - .claude/skills/implement
  - .claude/skills/implement/SKILL.md
  - .claude/skills/integrate
  - .claude/skills/integrate/SKILL.md
  - .claude/skills/plan
  - .claude/skills/plan/SKILL.md
  - .claude/skills/rebase-safely
  - .claude/skills/rebase-safely/SKILL.md
  - .claude/skills/refine
  - .claude/skills/refine-to-ready
  - .claude/skills/refine-to-ready/SKILL.md
  - .claude/skills/refine/SKILL.md
  - .claude/skills/review
  - .claude/skills/review-entry
  - .claude/skills/review-entry/SKILL.md
  - .claude/skills/review/SKILL.md
  - .claude/skills/status
  - .claude/skills/status/SKILL.md
  - .claude/skills/verify-done
  - .claude/skills/verify-done/SKILL.md
  - .claude/skills/verify-like-ci
  - .claude/skills/verify-like-ci/SKILL.md
  - .claude/skills/verify-like-ci/references/azure-pipelines.md
  - .claude/skills/verify-like-ci/references/github-actions.md
  - .claude/skills/verify-runtime
  - .claude/skills/verify-runtime/SKILL.md
  - .claude/skills/writing-great-skills
  - .claude/skills/writing-great-skills/SKILL.md
  - .claude/skills/writing-great-skills/references/GLOSSARY.md
  - .github/prompts/adopt.prompt.md
  - .github/prompts/implement.prompt.md
  - .github/prompts/integrate.prompt.md
  - .github/prompts/plan.prompt.md
  - .github/prompts/refine.prompt.md
  - .github/prompts/review.prompt.md
  - .github/prompts/status.prompt.md
  deployed_file_hashes:
    .agents/skills/adopt/SKILL.md: sha256:55aa6c2352f4978a6817f9684537a525d0761e8141e5fe3507a4dabbcb2c70ff
    .agents/skills/adopt/assets/definition-of-done.md: sha256:8c57148d2b2712e230a97cd69d6b1827d8ceedb93e18a70c3da3c31a65f0f0ca
    .agents/skills/adopt/assets/definition-of-ready.md: sha256:b8427674e3eb403a88814efd444ae7fdf9c10e2630cc774be60321bff2b81dbb
    .agents/skills/adopt/assets/engineering-lifecycle.md: sha256:8d4d7df1bb35b6d8cad32c0b9bd4854287632db81e571f5821420462f960b465
    .agents/skills/adopt/assets/role-skills/apply-change/SKILL.template.md: sha256:27d660ad67eb4aef9e32766ab8383b74e7ffe6262c07b21f4b629b8a06154e56
    .agents/skills/adopt/assets/role-skills/apply-change/references/authored.md: sha256:6e0403ab44a1aac0b604e7ffd30a2377180efa0501b75faff5d2929fbea7fea9
    .agents/skills/adopt/assets/role-skills/apply-change/references/openspec.md: sha256:3b37dc1722098b8d4e9182449deca7c057a267a9405d645791932a76b179d954
    .agents/skills/adopt/assets/role-skills/archive-change/SKILL.template.md: sha256:2902baabb555d7536050940ccb2e4b8745d8e02ce78aacbf4036bdd59a290756
    .agents/skills/adopt/assets/role-skills/archive-change/references/authored.md: sha256:4fa74a5ccb101676a5039a0142740984fc15f62fbed5a57561a076a04c4a49f3
    .agents/skills/adopt/assets/role-skills/archive-change/references/openspec.md: sha256:ffdc216c3e2cea80638f2386d97c73bddca0edc6d7c204ebf8b6f63e0344f00e
    .agents/skills/adopt/assets/role-skills/checkout-branch/SKILL.template.md: sha256:2cc68fc7a57343cc377ab6a24bcc790b67093dc7064f21d992142de9e29336e9
    .agents/skills/adopt/assets/role-skills/checkout-branch/references/convention.md: sha256:c02422b1c359d81f9e9514a6e52de72c9056e3aaf387ba3feeaa874817130b0f
    .agents/skills/adopt/assets/role-skills/classify-doc-drift/SKILL.template.md: sha256:4bcb84ee9d97431ae3ed53cdd508d6e2f65fbc6ab94e75cc74dc1fbad84afcda
    .agents/skills/adopt/assets/role-skills/classify-doc-drift/references/repo-docs.md: sha256:fe2138dccc36bfda6bc260d0ce2fa744dd89d474821ecaa9d4f69b9a948571d0
    .agents/skills/adopt/assets/role-skills/classify-doc-drift/references/wiki.md: sha256:7efa58c8b04b4b20e0dff53f0ffaca103d76f25e762bbdf9d79f6aed84a93431
    .agents/skills/adopt/assets/role-skills/comment-work-item/SKILL.template.md: sha256:d05b4274ede3478f90d4e8dea6d41490d22d753e3a11328f54e3ec2c87222f5d
    .agents/skills/adopt/assets/role-skills/comment-work-item/references/github-issues.md: sha256:3aedc5b1d8e0d06077a2c4c0fccb4ec09ecf304c6c6cb61b02cc5aff8b9e2b61
    .agents/skills/adopt/assets/role-skills/comment-work-item/references/jira.md: sha256:970abb78cc7dbad36d0f0f77b3efa17a3c6106b56ce70d1ac7934148b1cd321d
    .agents/skills/adopt/assets/role-skills/commit-to-sprint/SKILL.template.md: sha256:320a6b17c4b657455fdfe54be4bf6168d80128d47c797dd1d8306a90c148902d
    .agents/skills/adopt/assets/role-skills/commit-to-sprint/references/github-projects.md: sha256:8d63a39d590026ba70ebbdda2f926ace2aeff0fd9df938b763eb685c926c54d1
    .agents/skills/adopt/assets/role-skills/commit-to-sprint/references/jira.md: sha256:a0945aa2dec0778493cb037899f50fdbbfe01d3916f9980343b477d769a5c73b
    .agents/skills/adopt/assets/role-skills/create-branch/SKILL.template.md: sha256:c79ff93f3a3e722bb81058fda37d0d38d11c8ff5867353052f8dfaf7ca00d67f
    .agents/skills/adopt/assets/role-skills/create-branch/references/convention.md: sha256:90d53761a4def09a40a802d6425d2c9c09444aacbf171a1f185caaa0b2de2c9f
    .agents/skills/adopt/assets/role-skills/create-work-item/SKILL.template.md: sha256:461989ed9bce760be8ba117651918b3171be128a9b1cace8b2bd0b9d17fd7cd7
    .agents/skills/adopt/assets/role-skills/create-work-item/references/github-issues.md: sha256:11cb8736329920b1cbd683ff30eb92895484b9cbce0882057c7d7d9b5f554feb
    .agents/skills/adopt/assets/role-skills/create-work-item/references/jira.md: sha256:7d93fb67a6fc52d451b37e20fa61e4b44a98864e0eb435ec54517a50ff3b8351
    .agents/skills/adopt/assets/role-skills/discover-related-docs/SKILL.template.md: sha256:36324f5a637c3660d887711ab39af845f5f22840a52a480a1d287c147e8b2caa
    .agents/skills/adopt/assets/role-skills/discover-related-docs/references/repo-docs.md: sha256:968f9aa7924be2080b64b9d8aa578865046be99a25ec82f29da168b7e895366e
    .agents/skills/adopt/assets/role-skills/discover-related-docs/references/wiki.md: sha256:6f8d51ab0467a957faa0455e46b15c610ca28fb84370bc7172fdb0480b0f9d1d
    .agents/skills/adopt/assets/role-skills/inspect-ci-result/SKILL.template.md: sha256:8c8b97a2afeaf917c20c2b5c876ffd0f75e4290a6c601c10362c9403511a0467
    .agents/skills/adopt/assets/role-skills/inspect-ci-result/references/azure-devops.md: sha256:0ed65d21dbc80f24c3cb02426ca7f74534d6245b18f3149ec67e90636d08d725
    .agents/skills/adopt/assets/role-skills/inspect-ci-result/references/github.md: sha256:cb071a2d76d7404aa7eca275a28575663855c62f2cf3dd7bdef2852882b5d3e0
    .agents/skills/adopt/assets/role-skills/inspect-pull-request/SKILL.template.md: sha256:2146be358cc15b7dbdc0147e24421e81c8fb1187a208160b8eea33a6042b277a
    .agents/skills/adopt/assets/role-skills/inspect-pull-request/references/azure-devops.md: sha256:0449ca168fef92e5bb71c92d395922ad167cd032891f648e2e095f805005e921
    .agents/skills/adopt/assets/role-skills/inspect-pull-request/references/github.md: sha256:e882f7094e19dc3b374ad2bafaed219c27b8a52ffa7c13c36bd59dcc9cb9a989
    .agents/skills/adopt/assets/role-skills/merge-pull-request/SKILL.template.md: sha256:d780a6e484f53934483c77e550dba939d0bfce4fcf45f65150fed0ee3c890776
    .agents/skills/adopt/assets/role-skills/merge-pull-request/references/azure-devops.md: sha256:996c39637762cafc364c20bf6ed148a179c62bf0f1b11a6a83d66146a736f2ad
    .agents/skills/adopt/assets/role-skills/merge-pull-request/references/github.md: sha256:6c1cbccb801bb9e3bc8edf8391ce393796f8cee421a8e66f60d5d72491164420
    .agents/skills/adopt/assets/role-skills/open-pull-request/SKILL.template.md: sha256:50b4c76c4683fd619481b784865a465d658487f3b415c0ba954e5e7cc4e722d3
    .agents/skills/adopt/assets/role-skills/open-pull-request/references/azure-devops.md: sha256:bdd35f19539cf572734b90ac16f75aae03661729b0e2918e5a36fb5279c4336d
    .agents/skills/adopt/assets/role-skills/open-pull-request/references/github.md: sha256:c77dc07dbc14ed56c20fe75f1304c0455a840c66c54656b93afded787cbdd305
    .agents/skills/adopt/assets/role-skills/propose-change/SKILL.template.md: sha256:53f0e6f83835a4b7681e429ba8e6af536576670535a0280e10d2933f4f8cde70
    .agents/skills/adopt/assets/role-skills/propose-change/references/authored.md: sha256:73287f8edeb5ea10879b65af8275a4237aa4e3d7e8aa41f9c5da38acfa3fa000
    .agents/skills/adopt/assets/role-skills/propose-change/references/openspec.md: sha256:8a6ebaa2600d7aff82050ed506dcd0ade7670a8a55e717dee7ccb0479ce8d3ea
    .agents/skills/adopt/assets/role-skills/read-kb-page/SKILL.template.md: sha256:1b09f819cb4887ba65cf00860984ec34ff220e231f47295169de97002139e45c
    .agents/skills/adopt/assets/role-skills/read-kb-page/references/repo-docs.md: sha256:4695f6dfe7b3feb36031821650f86bc5d80ee76a0a520c5b805dea8fd9de405e
    .agents/skills/adopt/assets/role-skills/read-kb-page/references/wiki.md: sha256:2c9c3f1f22f18676aca690ab5d058e20b7e8ba457bb2bebc7b55d3b0fc825bfd
    .agents/skills/adopt/assets/role-skills/read-work-item-attachments/SKILL.template.md: sha256:590938b088277ee2a9a891dc1cfc3a70ab04d51b6f959a94f784bb764a576cb3
    .agents/skills/adopt/assets/role-skills/read-work-item-attachments/references/github-issues.md: sha256:c7072ae8548b5885fb7a6e57069e957b0a7abae0d147e9f640a86fd228e6075e
    .agents/skills/adopt/assets/role-skills/read-work-item-attachments/references/jira.md: sha256:8f5524b17e82b6f51c7512a9be4b41950f2e4556c8807d7ba349ccacde6d5d80
    .agents/skills/adopt/assets/role-skills/read-work-item-links/SKILL.template.md: sha256:71d520615909e55ef8d0dab5380573146d9b8339c948dd67f38ac60000c8ede6
    .agents/skills/adopt/assets/role-skills/read-work-item-links/references/github-issues.md: sha256:233c9572afb618fb434558c6a5351095f76ec0ff98260862d02348b85811cc96
    .agents/skills/adopt/assets/role-skills/read-work-item-links/references/jira.md: sha256:7429b88431d2780d89d63e6694aba8b9a3f4ac60aab004692c118542836c99d1
    .agents/skills/adopt/assets/role-skills/read-work-item/SKILL.template.md: sha256:c1f06349a932268e1e6b638d485eb734062212e7e3ac97228c3ba1ebd2312e12
    .agents/skills/adopt/assets/role-skills/read-work-item/references/github-issues.md: sha256:8e83a5ef4980616bc896f85cd2e8f6fe6a74afa841435083a41835fc238b4202
    .agents/skills/adopt/assets/role-skills/read-work-item/references/jira.md: sha256:0f13945743d78ba449bed82d8f872695875c3b28cab9e801b3bd1d59c8805e15
    .agents/skills/adopt/assets/role-skills/search-kb/SKILL.template.md: sha256:8053f0cc9ac7ddf139e350ec2d7c96cc08373074a27ceb967ca7562f54809e7f
    .agents/skills/adopt/assets/role-skills/search-kb/references/repo-docs.md: sha256:d09a8bcae145f1a16085dd58ed074412b68c65a25b04e753865fea3c4c405dfb
    .agents/skills/adopt/assets/role-skills/search-kb/references/wiki.md: sha256:67286a3373c8562fa0109c081df95954e8edd81066c65cef4717fbe76d8fba70
    .agents/skills/adopt/assets/role-skills/sync-doc-to-kb/SKILL.template.md: sha256:902588345bf66ebb8578bbcce94b504268de8b3f2ebbb0a2cdb6f862b0f78d74
    .agents/skills/adopt/assets/role-skills/sync-doc-to-kb/references/repo-docs.md: sha256:2b4974c62c8024c90d588a3001a1e64f82ca92184934ad291d01e9c8919a0fd2
    .agents/skills/adopt/assets/role-skills/sync-doc-to-kb/references/wiki.md: sha256:591c6a5835a7418970c790c3acd29c90148e8272ce2ef683d6854bc7b2046e71
    .agents/skills/adopt/assets/role-skills/sync-specs/SKILL.template.md: sha256:fcd883e5eeb965bdd325f48809961e4d5989f46dde4bcb3966a5a52a1eef30d3
    .agents/skills/adopt/assets/role-skills/sync-specs/references/authored.md: sha256:794bc586cecc0e2646c79624e1e06b8461089d69a46ac7e75094b025d40ad374
    .agents/skills/adopt/assets/role-skills/sync-specs/references/openspec.md: sha256:2ad338684b2e157405f9eddbb54b6fa957a2239d2186f8900db5bdf62c87df93
    .agents/skills/adopt/assets/role-skills/transition-work-item/SKILL.template.md: sha256:7e093fcd0c1d80ce9d808269625c8e414e8c23792e3c76b640b24a74fd950078
    .agents/skills/adopt/assets/role-skills/transition-work-item/references/github-issues.md: sha256:8cfb380bbd45d2fa898e852e56b3d7992a60f3496181eb840571c45faec4955a
    .agents/skills/adopt/assets/role-skills/transition-work-item/references/jira.md: sha256:f82b72b4954f207bea46661cf146565a4ecb847e28b0d2c8b2a85122caa9dd21
    .agents/skills/adopt/assets/role-skills/update-pull-request/SKILL.template.md: sha256:ab209dfb48babbec33cecee7a674b6b2de947d97847051436b84cd8ba294a9e2
    .agents/skills/adopt/assets/role-skills/update-pull-request/references/azure-devops.md: sha256:f18f81cd13949b29b3979e4900e96a25932a37ddc0df385d3a5542f89fc665f9
    .agents/skills/adopt/assets/role-skills/update-pull-request/references/github.md: sha256:6d276100f4175404b1a0c2611707bf9db99ee61a2acabcc97d25c4a31286d7ef
    .agents/skills/adopt/assets/role-skills/update-work-item/SKILL.template.md: sha256:4135c3af808e8427559102b3cf423cae4be0a05badbd25614edea694ace431c2
    .agents/skills/adopt/assets/role-skills/update-work-item/references/github-issues.md: sha256:52bd6f160b1c83c1320f87980fc1eda2bf7c203c762541cb14892413bb7dc21d
    .agents/skills/adopt/assets/role-skills/update-work-item/references/jira.md: sha256:4801248037e0f46d45b2b111dfd88ec5efeb3ceebf4c31d85f4708c0304efdc6
    .agents/skills/adopt/assets/role-skills/wip-query/SKILL.template.md: sha256:4147d624db6788e52b30e08f7b882672a3892b0b4ee69f0797c074dbfcbb518e
    .agents/skills/adopt/assets/role-skills/wip-query/references/github-projects.md: sha256:049ba3b991aac9751a9294361f4b4b4af990f3458916acb9c3bf31749645f221
    .agents/skills/adopt/assets/role-skills/wip-query/references/jira.md: sha256:d12cfe893d030b9412b09adceb4583a75da73dbd5847d98042d8f4653fbd0ecc
    .agents/skills/adr/SKILL.md: sha256:eb2d8bc1f375229147b09425452df4c9a2cd9d799ee1c842ef6c68a043d6d2a3
    .agents/skills/adr/references/template.md: sha256:e4bbfb23d22f76ba081682a0550b08031e279037aef3dc9a02e0451182ce82a8
    .agents/skills/collect-usage/SKILL.md: sha256:2f5d2fd96e19366754f6f2862ce94ec33cc2498582124f79b4f63a975c5e62b4
    .agents/skills/git-worktrees/SKILL.md: sha256:975d1ad017e3845883967927cbc0b3956d8914e552106d29e1be1cdf6e05eacf
    .agents/skills/harden-process/SKILL.md: sha256:c60c9a7877d91d9e6794da773410e920dd8e498df71a5b8fbbf13be54c50d8cb
    .agents/skills/implement/SKILL.md: sha256:c691b689e36bbe3729da222074fb2b86518537c454e128489fb5013b3c9c05e5
    .agents/skills/integrate/SKILL.md: sha256:a5c1c7fa53706eb08ba5d04d187a0109061536f4e56cb5cc35d56fea3f13a19c
    .agents/skills/plan/SKILL.md: sha256:226f4f5d65d887fee510e275bbe0dba5e22e25579798528172123a2e384a41ff
    .agents/skills/rebase-safely/SKILL.md: sha256:ae584552a2662366158a4fb1c1ca94e8861455ddd0beda15d4627573c7630abf
    .agents/skills/refine-to-ready/SKILL.md: sha256:4c200e20b5abd8927235ac5d95d2d467e508572e746ebfc25686c225471bbf6c
    .agents/skills/refine/SKILL.md: sha256:1f83dc0deb2b27e503a48e4310ffec13728a881bb1871b258c57a590e68990c3
    .agents/skills/review-entry/SKILL.md: sha256:fe9ffb45b97cde866a0ebfac4f269e850587eb63f98fe95b2edb35d97d0720d2
    .agents/skills/review/SKILL.md: sha256:338a69f86bcccf65b47aa2eb3d2e96be9b58db6b7aff1d980971484612ddd336
    .agents/skills/status/SKILL.md: sha256:db9078c39d6d753c1b789c046ffb2f190ecc0303514b6e7d08b71b97351917c2
    .agents/skills/verify-done/SKILL.md: sha256:bfdc89e01a47298f7ceb2c1b5d9069668ba140b0588ad36ec3710ccff9edd3b4
    .agents/skills/verify-like-ci/SKILL.md: sha256:1f71a03072de50f2154a6abbb6c7737206041cd7adf4b0bf8e36550adb1cbcdc
    .agents/skills/verify-like-ci/references/azure-pipelines.md: sha256:2c77d8ec48660fb31b7f8fef85ae2cf8778c54824593dfd8d4820c2852ed7355
    .agents/skills/verify-like-ci/references/github-actions.md: sha256:3031be1e40b560b7a336e1502f479b5157e7895a3ca8144354a9c9c31dffd708
    .agents/skills/verify-runtime/SKILL.md: sha256:15e1886b993604f65f455b8ea17d35e7e9327e449482b651e445603fd968352f
    .agents/skills/writing-great-skills/SKILL.md: sha256:dedb1790e526a84a1b99913dc4c0fb55364ff134fc5bf5d7ad14aa1ed15c4ec4
    .agents/skills/writing-great-skills/references/GLOSSARY.md: sha256:047eac0c1534cd16ebf8b131186f2ffb225d01ad6c1d6e1da7ca348ce697faea
    .claude/commands/adopt.md: sha256:2b3bcd117c7e45f20eb79b35044e4aa09060f895a4f6e5839a4d181c822dab9f
    .claude/commands/implement.md: sha256:69dca90ff349d0d7a134dd3b726b0df02181c9ada0496a5cb7618d6c5c8dcad5
    .claude/commands/integrate.md: sha256:2efa353e5f110f2f420e859da1e39524609527ebeac0812d7f6d86cce7a8bac3
    .claude/commands/plan.md: sha256:0d81b77998cedc12aac7dc27bd04017227aa6dac1393ec5fe24524e30107b18f
    .claude/commands/refine.md: sha256:2a3de8224c738204b075def849cfe1a8380b4ae30b1744894811c2ebcee6a693
    .claude/commands/review.md: sha256:3daba9abd33cba661cd62ea14a537e1bdc9ceda387a540c1cd76dafae30e8d33
    .claude/commands/status.md: sha256:414c9fce7d016a7b0ab12b3e89cf05486f549931b49d91bf33619d066abf6f16
    .claude/skills/adopt/SKILL.md: sha256:55aa6c2352f4978a6817f9684537a525d0761e8141e5fe3507a4dabbcb2c70ff
    .claude/skills/adopt/assets/definition-of-done.md: sha256:8c57148d2b2712e230a97cd69d6b1827d8ceedb93e18a70c3da3c31a65f0f0ca
    .claude/skills/adopt/assets/definition-of-ready.md: sha256:b8427674e3eb403a88814efd444ae7fdf9c10e2630cc774be60321bff2b81dbb
    .claude/skills/adopt/assets/engineering-lifecycle.md: sha256:8d4d7df1bb35b6d8cad32c0b9bd4854287632db81e571f5821420462f960b465
    .claude/skills/adopt/assets/role-skills/apply-change/SKILL.template.md: sha256:27d660ad67eb4aef9e32766ab8383b74e7ffe6262c07b21f4b629b8a06154e56
    .claude/skills/adopt/assets/role-skills/apply-change/references/authored.md: sha256:6e0403ab44a1aac0b604e7ffd30a2377180efa0501b75faff5d2929fbea7fea9
    .claude/skills/adopt/assets/role-skills/apply-change/references/openspec.md: sha256:3b37dc1722098b8d4e9182449deca7c057a267a9405d645791932a76b179d954
    .claude/skills/adopt/assets/role-skills/archive-change/SKILL.template.md: sha256:2902baabb555d7536050940ccb2e4b8745d8e02ce78aacbf4036bdd59a290756
    .claude/skills/adopt/assets/role-skills/archive-change/references/authored.md: sha256:4fa74a5ccb101676a5039a0142740984fc15f62fbed5a57561a076a04c4a49f3
    .claude/skills/adopt/assets/role-skills/archive-change/references/openspec.md: sha256:ffdc216c3e2cea80638f2386d97c73bddca0edc6d7c204ebf8b6f63e0344f00e
    .claude/skills/adopt/assets/role-skills/checkout-branch/SKILL.template.md: sha256:2cc68fc7a57343cc377ab6a24bcc790b67093dc7064f21d992142de9e29336e9
    .claude/skills/adopt/assets/role-skills/checkout-branch/references/convention.md: sha256:c02422b1c359d81f9e9514a6e52de72c9056e3aaf387ba3feeaa874817130b0f
    .claude/skills/adopt/assets/role-skills/classify-doc-drift/SKILL.template.md: sha256:4bcb84ee9d97431ae3ed53cdd508d6e2f65fbc6ab94e75cc74dc1fbad84afcda
    .claude/skills/adopt/assets/role-skills/classify-doc-drift/references/repo-docs.md: sha256:fe2138dccc36bfda6bc260d0ce2fa744dd89d474821ecaa9d4f69b9a948571d0
    .claude/skills/adopt/assets/role-skills/classify-doc-drift/references/wiki.md: sha256:7efa58c8b04b4b20e0dff53f0ffaca103d76f25e762bbdf9d79f6aed84a93431
    .claude/skills/adopt/assets/role-skills/comment-work-item/SKILL.template.md: sha256:d05b4274ede3478f90d4e8dea6d41490d22d753e3a11328f54e3ec2c87222f5d
    .claude/skills/adopt/assets/role-skills/comment-work-item/references/github-issues.md: sha256:3aedc5b1d8e0d06077a2c4c0fccb4ec09ecf304c6c6cb61b02cc5aff8b9e2b61
    .claude/skills/adopt/assets/role-skills/comment-work-item/references/jira.md: sha256:970abb78cc7dbad36d0f0f77b3efa17a3c6106b56ce70d1ac7934148b1cd321d
    .claude/skills/adopt/assets/role-skills/commit-to-sprint/SKILL.template.md: sha256:320a6b17c4b657455fdfe54be4bf6168d80128d47c797dd1d8306a90c148902d
    .claude/skills/adopt/assets/role-skills/commit-to-sprint/references/github-projects.md: sha256:8d63a39d590026ba70ebbdda2f926ace2aeff0fd9df938b763eb685c926c54d1
    .claude/skills/adopt/assets/role-skills/commit-to-sprint/references/jira.md: sha256:a0945aa2dec0778493cb037899f50fdbbfe01d3916f9980343b477d769a5c73b
    .claude/skills/adopt/assets/role-skills/create-branch/SKILL.template.md: sha256:c79ff93f3a3e722bb81058fda37d0d38d11c8ff5867353052f8dfaf7ca00d67f
    .claude/skills/adopt/assets/role-skills/create-branch/references/convention.md: sha256:90d53761a4def09a40a802d6425d2c9c09444aacbf171a1f185caaa0b2de2c9f
    .claude/skills/adopt/assets/role-skills/create-work-item/SKILL.template.md: sha256:461989ed9bce760be8ba117651918b3171be128a9b1cace8b2bd0b9d17fd7cd7
    .claude/skills/adopt/assets/role-skills/create-work-item/references/github-issues.md: sha256:11cb8736329920b1cbd683ff30eb92895484b9cbce0882057c7d7d9b5f554feb
    .claude/skills/adopt/assets/role-skills/create-work-item/references/jira.md: sha256:7d93fb67a6fc52d451b37e20fa61e4b44a98864e0eb435ec54517a50ff3b8351
    .claude/skills/adopt/assets/role-skills/discover-related-docs/SKILL.template.md: sha256:36324f5a637c3660d887711ab39af845f5f22840a52a480a1d287c147e8b2caa
    .claude/skills/adopt/assets/role-skills/discover-related-docs/references/repo-docs.md: sha256:968f9aa7924be2080b64b9d8aa578865046be99a25ec82f29da168b7e895366e
    .claude/skills/adopt/assets/role-skills/discover-related-docs/references/wiki.md: sha256:6f8d51ab0467a957faa0455e46b15c610ca28fb84370bc7172fdb0480b0f9d1d
    .claude/skills/adopt/assets/role-skills/inspect-ci-result/SKILL.template.md: sha256:8c8b97a2afeaf917c20c2b5c876ffd0f75e4290a6c601c10362c9403511a0467
    .claude/skills/adopt/assets/role-skills/inspect-ci-result/references/azure-devops.md: sha256:0ed65d21dbc80f24c3cb02426ca7f74534d6245b18f3149ec67e90636d08d725
    .claude/skills/adopt/assets/role-skills/inspect-ci-result/references/github.md: sha256:cb071a2d76d7404aa7eca275a28575663855c62f2cf3dd7bdef2852882b5d3e0
    .claude/skills/adopt/assets/role-skills/inspect-pull-request/SKILL.template.md: sha256:2146be358cc15b7dbdc0147e24421e81c8fb1187a208160b8eea33a6042b277a
    .claude/skills/adopt/assets/role-skills/inspect-pull-request/references/azure-devops.md: sha256:0449ca168fef92e5bb71c92d395922ad167cd032891f648e2e095f805005e921
    .claude/skills/adopt/assets/role-skills/inspect-pull-request/references/github.md: sha256:e882f7094e19dc3b374ad2bafaed219c27b8a52ffa7c13c36bd59dcc9cb9a989
    .claude/skills/adopt/assets/role-skills/merge-pull-request/SKILL.template.md: sha256:d780a6e484f53934483c77e550dba939d0bfce4fcf45f65150fed0ee3c890776
    .claude/skills/adopt/assets/role-skills/merge-pull-request/references/azure-devops.md: sha256:996c39637762cafc364c20bf6ed148a179c62bf0f1b11a6a83d66146a736f2ad
    .claude/skills/adopt/assets/role-skills/merge-pull-request/references/github.md: sha256:6c1cbccb801bb9e3bc8edf8391ce393796f8cee421a8e66f60d5d72491164420
    .claude/skills/adopt/assets/role-skills/open-pull-request/SKILL.template.md: sha256:50b4c76c4683fd619481b784865a465d658487f3b415c0ba954e5e7cc4e722d3
    .claude/skills/adopt/assets/role-skills/open-pull-request/references/azure-devops.md: sha256:bdd35f19539cf572734b90ac16f75aae03661729b0e2918e5a36fb5279c4336d
    .claude/skills/adopt/assets/role-skills/open-pull-request/references/github.md: sha256:c77dc07dbc14ed56c20fe75f1304c0455a840c66c54656b93afded787cbdd305
    .claude/skills/adopt/assets/role-skills/propose-change/SKILL.template.md: sha256:53f0e6f83835a4b7681e429ba8e6af536576670535a0280e10d2933f4f8cde70
    .claude/skills/adopt/assets/role-skills/propose-change/references/authored.md: sha256:73287f8edeb5ea10879b65af8275a4237aa4e3d7e8aa41f9c5da38acfa3fa000
    .claude/skills/adopt/assets/role-skills/propose-change/references/openspec.md: sha256:8a6ebaa2600d7aff82050ed506dcd0ade7670a8a55e717dee7ccb0479ce8d3ea
    .claude/skills/adopt/assets/role-skills/read-kb-page/SKILL.template.md: sha256:1b09f819cb4887ba65cf00860984ec34ff220e231f47295169de97002139e45c
    .claude/skills/adopt/assets/role-skills/read-kb-page/references/repo-docs.md: sha256:4695f6dfe7b3feb36031821650f86bc5d80ee76a0a520c5b805dea8fd9de405e
    .claude/skills/adopt/assets/role-skills/read-kb-page/references/wiki.md: sha256:2c9c3f1f22f18676aca690ab5d058e20b7e8ba457bb2bebc7b55d3b0fc825bfd
    .claude/skills/adopt/assets/role-skills/read-work-item-attachments/SKILL.template.md: sha256:590938b088277ee2a9a891dc1cfc3a70ab04d51b6f959a94f784bb764a576cb3
    .claude/skills/adopt/assets/role-skills/read-work-item-attachments/references/github-issues.md: sha256:c7072ae8548b5885fb7a6e57069e957b0a7abae0d147e9f640a86fd228e6075e
    .claude/skills/adopt/assets/role-skills/read-work-item-attachments/references/jira.md: sha256:8f5524b17e82b6f51c7512a9be4b41950f2e4556c8807d7ba349ccacde6d5d80
    .claude/skills/adopt/assets/role-skills/read-work-item-links/SKILL.template.md: sha256:71d520615909e55ef8d0dab5380573146d9b8339c948dd67f38ac60000c8ede6
    .claude/skills/adopt/assets/role-skills/read-work-item-links/references/github-issues.md: sha256:233c9572afb618fb434558c6a5351095f76ec0ff98260862d02348b85811cc96
    .claude/skills/adopt/assets/role-skills/read-work-item-links/references/jira.md: sha256:7429b88431d2780d89d63e6694aba8b9a3f4ac60aab004692c118542836c99d1
    .claude/skills/adopt/assets/role-skills/read-work-item/SKILL.template.md: sha256:c1f06349a932268e1e6b638d485eb734062212e7e3ac97228c3ba1ebd2312e12
    .claude/skills/adopt/assets/role-skills/read-work-item/references/github-issues.md: sha256:8e83a5ef4980616bc896f85cd2e8f6fe6a74afa841435083a41835fc238b4202
    .claude/skills/adopt/assets/role-skills/read-work-item/references/jira.md: sha256:0f13945743d78ba449bed82d8f872695875c3b28cab9e801b3bd1d59c8805e15
    .claude/skills/adopt/assets/role-skills/search-kb/SKILL.template.md: sha256:8053f0cc9ac7ddf139e350ec2d7c96cc08373074a27ceb967ca7562f54809e7f
    .claude/skills/adopt/assets/role-skills/search-kb/references/repo-docs.md: sha256:d09a8bcae145f1a16085dd58ed074412b68c65a25b04e753865fea3c4c405dfb
    .claude/skills/adopt/assets/role-skills/search-kb/references/wiki.md: sha256:67286a3373c8562fa0109c081df95954e8edd81066c65cef4717fbe76d8fba70
    .claude/skills/adopt/assets/role-skills/sync-doc-to-kb/SKILL.template.md: sha256:902588345bf66ebb8578bbcce94b504268de8b3f2ebbb0a2cdb6f862b0f78d74
    .claude/skills/adopt/assets/role-skills/sync-doc-to-kb/references/repo-docs.md: sha256:2b4974c62c8024c90d588a3001a1e64f82ca92184934ad291d01e9c8919a0fd2
    .claude/skills/adopt/assets/role-skills/sync-doc-to-kb/references/wiki.md: sha256:591c6a5835a7418970c790c3acd29c90148e8272ce2ef683d6854bc7b2046e71
    .claude/skills/adopt/assets/role-skills/sync-specs/SKILL.template.md: sha256:fcd883e5eeb965bdd325f48809961e4d5989f46dde4bcb3966a5a52a1eef30d3
    .claude/skills/adopt/assets/role-skills/sync-specs/references/authored.md: sha256:794bc586cecc0e2646c79624e1e06b8461089d69a46ac7e75094b025d40ad374
    .claude/skills/adopt/assets/role-skills/sync-specs/references/openspec.md: sha256:2ad338684b2e157405f9eddbb54b6fa957a2239d2186f8900db5bdf62c87df93
    .claude/skills/adopt/assets/role-skills/transition-work-item/SKILL.template.md: sha256:7e093fcd0c1d80ce9d808269625c8e414e8c23792e3c76b640b24a74fd950078
    .claude/skills/adopt/assets/role-skills/transition-work-item/references/github-issues.md: sha256:8cfb380bbd45d2fa898e852e56b3d7992a60f3496181eb840571c45faec4955a
    .claude/skills/adopt/assets/role-skills/transition-work-item/references/jira.md: sha256:f82b72b4954f207bea46661cf146565a4ecb847e28b0d2c8b2a85122caa9dd21
    .claude/skills/adopt/assets/role-skills/update-pull-request/SKILL.template.md: sha256:ab209dfb48babbec33cecee7a674b6b2de947d97847051436b84cd8ba294a9e2
    .claude/skills/adopt/assets/role-skills/update-pull-request/references/azure-devops.md: sha256:f18f81cd13949b29b3979e4900e96a25932a37ddc0df385d3a5542f89fc665f9
    .claude/skills/adopt/assets/role-skills/update-pull-request/references/github.md: sha256:6d276100f4175404b1a0c2611707bf9db99ee61a2acabcc97d25c4a31286d7ef
    .claude/skills/adopt/assets/role-skills/update-work-item/SKILL.template.md: sha256:4135c3af808e8427559102b3cf423cae4be0a05badbd25614edea694ace431c2
    .claude/skills/adopt/assets/role-skills/update-work-item/references/github-issues.md: sha256:52bd6f160b1c83c1320f87980fc1eda2bf7c203c762541cb14892413bb7dc21d
    .claude/skills/adopt/assets/role-skills/update-work-item/references/jira.md: sha256:4801248037e0f46d45b2b111dfd88ec5efeb3ceebf4c31d85f4708c0304efdc6
    .claude/skills/adopt/assets/role-skills/wip-query/SKILL.template.md: sha256:4147d624db6788e52b30e08f7b882672a3892b0b4ee69f0797c074dbfcbb518e
    .claude/skills/adopt/assets/role-skills/wip-query/references/github-projects.md: sha256:049ba3b991aac9751a9294361f4b4b4af990f3458916acb9c3bf31749645f221
    .claude/skills/adopt/assets/role-skills/wip-query/references/jira.md: sha256:d12cfe893d030b9412b09adceb4583a75da73dbd5847d98042d8f4653fbd0ecc
    .claude/skills/adr/SKILL.md: sha256:eb2d8bc1f375229147b09425452df4c9a2cd9d799ee1c842ef6c68a043d6d2a3
    .claude/skills/adr/references/template.md: sha256:e4bbfb23d22f76ba081682a0550b08031e279037aef3dc9a02e0451182ce82a8
    .claude/skills/collect-usage/SKILL.md: sha256:2f5d2fd96e19366754f6f2862ce94ec33cc2498582124f79b4f63a975c5e62b4
    .claude/skills/git-worktrees/SKILL.md: sha256:975d1ad017e3845883967927cbc0b3956d8914e552106d29e1be1cdf6e05eacf
    .claude/skills/harden-process/SKILL.md: sha256:c60c9a7877d91d9e6794da773410e920dd8e498df71a5b8fbbf13be54c50d8cb
    .claude/skills/implement/SKILL.md: sha256:c691b689e36bbe3729da222074fb2b86518537c454e128489fb5013b3c9c05e5
    .claude/skills/integrate/SKILL.md: sha256:a5c1c7fa53706eb08ba5d04d187a0109061536f4e56cb5cc35d56fea3f13a19c
    .claude/skills/plan/SKILL.md: sha256:226f4f5d65d887fee510e275bbe0dba5e22e25579798528172123a2e384a41ff
    .claude/skills/rebase-safely/SKILL.md: sha256:ae584552a2662366158a4fb1c1ca94e8861455ddd0beda15d4627573c7630abf
    .claude/skills/refine-to-ready/SKILL.md: sha256:4c200e20b5abd8927235ac5d95d2d467e508572e746ebfc25686c225471bbf6c
    .claude/skills/refine/SKILL.md: sha256:1f83dc0deb2b27e503a48e4310ffec13728a881bb1871b258c57a590e68990c3
    .claude/skills/review-entry/SKILL.md: sha256:fe9ffb45b97cde866a0ebfac4f269e850587eb63f98fe95b2edb35d97d0720d2
    .claude/skills/review/SKILL.md: sha256:338a69f86bcccf65b47aa2eb3d2e96be9b58db6b7aff1d980971484612ddd336
    .claude/skills/status/SKILL.md: sha256:db9078c39d6d753c1b789c046ffb2f190ecc0303514b6e7d08b71b97351917c2
    .claude/skills/verify-done/SKILL.md: sha256:bfdc89e01a47298f7ceb2c1b5d9069668ba140b0588ad36ec3710ccff9edd3b4
    .claude/skills/verify-like-ci/SKILL.md: sha256:1f71a03072de50f2154a6abbb6c7737206041cd7adf4b0bf8e36550adb1cbcdc
    .claude/skills/verify-like-ci/references/azure-pipelines.md: sha256:2c77d8ec48660fb31b7f8fef85ae2cf8778c54824593dfd8d4820c2852ed7355
    .claude/skills/verify-like-ci/references/github-actions.md: sha256:3031be1e40b560b7a336e1502f479b5157e7895a3ca8144354a9c9c31dffd708
    .claude/skills/verify-runtime/SKILL.md: sha256:15e1886b993604f65f455b8ea17d35e7e9327e449482b651e445603fd968352f
    .claude/skills/writing-great-skills/SKILL.md: sha256:dedb1790e526a84a1b99913dc4c0fb55364ff134fc5bf5d7ad14aa1ed15c4ec4
    .claude/skills/writing-great-skills/references/GLOSSARY.md: sha256:047eac0c1534cd16ebf8b131186f2ffb225d01ad6c1d6e1da7ca348ce697faea
    .github/prompts/adopt.prompt.md: sha256:6316021fa6bcecfb8a41ce429d567c475726db27f1c98c8c38dc8b0103876490
    .github/prompts/implement.prompt.md: sha256:ab6213f66d4b254c4795eee913a833f45618ccaf4f404cbef9e10f325c6c842e
    .github/prompts/integrate.prompt.md: sha256:c87c82b8ec933f33485eb9e94cf8f6b1db97d40d03ad21a732c6f2f28e4ae815
    .github/prompts/plan.prompt.md: sha256:d14310ea2673fb4d000a29be232dee1707f80af9f8c8c80da625cb3fe33464f2
    .github/prompts/refine.prompt.md: sha256:1d1f11bcfde4a51fe16cd5636ddcdeb7c755fbcebfa7c5733f718e58a8a790dd
    .github/prompts/review.prompt.md: sha256:ff9a9e651233acaadd7f7763e32865551110be703bf6f11cce36a14544498748
    .github/prompts/status.prompt.md: sha256:7b0aa04ed8e1384da8dadaef520a0f8ab596afd8311263c0870c51a4c2667d7a
  content_hash: sha256:cf422d2b7530211ef7a9abfe56cad8e944ef03fc794e3e39d56b3d0f15e590f0
  declared_license: MIT
local_deployed_files:
- .agents/skills/inspect-ci-result
- .agents/skills/inspect-ci-result/SKILL.md
- .agents/skills/merge-pull-request
- .agents/skills/merge-pull-request/SKILL.md
- .agents/skills/open-pull-request
- .agents/skills/open-pull-request/SKILL.md
- .agents/skills/read-work-item
- .agents/skills/read-work-item/SKILL.md
- .agents/skills/transition-work-item
- .agents/skills/transition-work-item/SKILL.md
- .agents/skills/wip-query
- .agents/skills/wip-query/SKILL.md
local_deployed_file_hashes:
  .agents/skills/inspect-ci-result/SKILL.md: sha256:20cde65135554a9c1b81038f8cbb07874defe8a6ad631480efdef1c6f7184d91
  .agents/skills/merge-pull-request/SKILL.md: sha256:a263613c8d09bdd30ed0cfc41596e3352964780691ad4b7ae7f435a9cc1bb4e1
  .agents/skills/open-pull-request/SKILL.md: sha256:28f46dc55ccab28bba94e6e0cc67fb2beeb9128eddb5dd9f0b289cdfd18eadf8
  .agents/skills/read-work-item/SKILL.md: sha256:8fd56791cc9ce51800c4ad69cb01b5a929071eb2e0cd29ff204a953302e9d3a4
  .agents/skills/transition-work-item/SKILL.md: sha256:adb17a997cbb1f1c3acb5fe75922b9ca26f56177d3b69d079d895158acd57a3a
  .agents/skills/wip-query/SKILL.md: sha256:9f680469c7773fae015ef21b209c0af7c98569157797ee494d22c596102e0120
